
Microsoft Visual Studio Solution File, Format Version 12.00
# Visual Studio 15
Project("{FAE04EC0-301F-11D3-BF4B-00C04F79EFBC}") = "Slipways.GraphQL", "Slipways.GraphQL\Slipways.GraphQL.csproj", "{87DB8E92-DE7B-4A70-B4B1-6A11EDF12BF9}"
EndProject
Project("{2150E333-8FDC-42A3-9474-1A3956D46DE8}") = "Solution Items", "Solution Items", "{895EDC26-64E4-4DF7-A9B9-D04E1070D189}"
	ProjectSection(SolutionItems) = preProject
		Dockerfile = Dockerfile
		NuGet.config = NuGet.config
	EndProjectSection
EndProject
Global
	GlobalSection(SolutionConfigurationPlatforms) = preSolution
		Debug|Any CPU = Debug|Any CPU
		Release|Any CPU = Release|Any CPU
	EndGlobalSection
	GlobalSection(ProjectConfigurationPlatforms) = postSolution
		{87DB8E92-DE7B-4A70-B4B1-6A11EDF12BF9}.Debug|Any CPU.ActiveCfg = Debug|Any CPU
		{87DB8E92-DE7B-4A70-B4B1-6A11EDF12BF9}.Debug|Any CPU.Build.0 = Debug|Any CPU
		{87DB8E92-DE7B-4A70-B4B1-6A11EDF12BF9}.Release|Any CPU.ActiveCfg = Release|Any CPU
		{87DB8E92-DE7B-4A70-B4B1-6A11EDF12BF9}.Release|Any CPU.Build.0 = Release|Any CPU
	EndGlobalSection
EndGlobal
